
Microsoft Visual Studio Solution File, Format Version 12.00
# Visual Studio Version 17
VisualStudioVersion = 17.5.002.0
MinimumVisualStudioVersion = 10.0.40219.1
Project("{9A19103F-16F7-4668-BE54-9A1E7A4F7556}") = "DZ3", "DZ3.csproj", "{2F4974FC-D3C1-4811-ABE5-25B8BB4E2A52}"
EndProject
Global
	GlobalSection(SolutionConfigurationPlatforms) = preSolution
		Debug|Any CPU = Debug|Any CPU
		Release|Any CPU = Release|Any CPU
	EndGlobalSection
	GlobalSection(ProjectConfigurationPlatforms) = postSolution
		{2F4974FC-D3C1-4811-ABE5-25B8BB4E2A52}.Debug|Any CPU.ActiveCfg = Debug|Any CPU
		{2F4974FC-D3C1-4811-ABE5-25B8BB4E2A52}.Debug|Any CPU.Build.0 = Debug|Any CPU
		{2F4974FC-D3C1-4811-ABE5-25B8BB4E2A52}.Release|Any CPU.ActiveCfg = Release|Any CPU
		{2F4974FC-D3C1-4811-ABE5-25B8BB4E2A52}.Release|Any CPU.Build.0 = Release|Any CPU
	EndGlobalSection
	GlobalSection(SolutionProperties) = preSolution
		HideSolutionNode = FALSE
	EndGlobalSection
	GlobalSection(ExtensibilityGlobals) = postSolution
		SolutionGuid = {33DEAFBC-3B94-4976-8B1A-B4826C29874F}
	EndGlobalSection
EndGlobal
